# This file is autogenerated, do not edit; changes may be undone by the next 'dep ensure'.


[[projects]]
  branch = "master"
  digest = "1:7dd92981c94a1780fd856af626dfb4042f00e1fe75a56bd8d0c6593c8e529b45"
  name = "github.com/jaumecapdevila/gocap"
  packages = ["."]
  pruneopts = "UT"
  revision = "d04a88a97bacecb55ccc01ca212da4acc0c0c8b8"

[solve-meta]
  analyzer-name = "dep"
  analyzer-version = 1
  input-imports = ["github.com/jaumecapdevila/gocap"]
  solver-name = "gps-cdcl"
  solver-version = 1
